
Microsoft Visual Studio Solution File, Format Version 12.00
# Visual Studio Version 16
VisualStudioVersion = 16.0.30413.136
MinimumVisualStudioVersion = 10.0.40219.1
Project("{FAE04EC0-301F-11D3-BF4B-00C04F79EFBC}") = "MyFirstDsBot", "MyFirstDsBot\MyFirstDsBot.csproj", "{86A9A9F1-8E4B-4B89-ABA2-C87A1D9F8FA8}"
EndProject
Global
	GlobalSection(SolutionConfigurationPlatforms) = preSolution
		Debug|Any CPU = Debug|Any CPU
		Release|Any CPU = Release|Any CPU
	EndGlobalSection
	GlobalSection(ProjectConfigurationPlatforms) = postSolution
		{86A9A9F1-8E4B-4B89-ABA2-C87A1D9F8FA8}.Debug|Any CPU.ActiveCfg = Debug|Any CPU
		{86A9A9F1-8E4B-4B89-ABA2-C87A1D9F8FA8}.Debug|Any CPU.Build.0 = Debug|Any CPU
		{86A9A9F1-8E4B-4B89-ABA2-C87A1D9F8FA8}.Release|Any CPU.ActiveCfg = Release|Any CPU
		{86A9A9F1-8E4B-4B89-ABA2-C87A1D9F8FA8}.Release|Any CPU.Build.0 = Release|Any CPU
	EndGlobalSection
	GlobalSection(SolutionProperties) = preSolution
		HideSolutionNode = FALSE
	EndGlobalSection
	GlobalSection(ExtensibilityGlobals) = postSolution
		SolutionGuid = {4F557E58-4A50-4EA0-92D3-818EFA84634B}
	EndGlobalSection
EndGlobal
